
Microsoft Visual Studio Solution File, Format Version 12.00
# Visual Studio 15
VisualStudioVersion = 15.0.28307.168
MinimumVisualStudioVersion = 10.0.40219.1
Project("{FAE04EC0-301F-11D3-BF4B-00C04F79EFBC}") = "C0726031_Week 11", "C0726031_Week 11\C0726031_Week 11.csproj", "{0F8D9840-3BEC-4C77-9CC6-2161081482FD}"
EndProject
Global
	GlobalSection(SolutionConfigurationPlatforms) = preSolution
		Debug|Any CPU = Debug|Any CPU
		Release|Any CPU = Release|Any CPU
	EndGlobalSection
	GlobalSection(ProjectConfigurationPlatforms) = postSolution
		{0F8D9840-3BEC-4C77-9CC6-2161081482FD}.Debug|Any CPU.ActiveCfg = Debug|Any CPU
		{0F8D9840-3BEC-4C77-9CC6-2161081482FD}.Debug|Any CPU.Build.0 = Debug|Any CPU
		{0F8D9840-3BEC-4C77-9CC6-2161081482FD}.Release|Any CPU.ActiveCfg = Release|Any CPU
		{0F8D9840-3BEC-4C77-9CC6-2161081482FD}.Release|Any CPU.Build.0 = Release|Any CPU
	EndGlobalSection
	GlobalSection(SolutionProperties) = preSolution
		HideSolutionNode = FALSE
	EndGlobalSection
	GlobalSection(ExtensibilityGlobals) = postSolution
		SolutionGuid = {227F347B-7D29-4388-8119-29CDACBDF226}
	EndGlobalSection
EndGlobal
